
Microsoft Visual Studio Solution File, Format Version 12.00
# Visual Studio Version 17
VisualStudioVersion = 17.10.34928.147
MinimumVisualStudioVersion = 10.0.40219.1
Project("{FAE04EC0-301F-11D3-BF4B-00C04F79EFBC}") = "GHN1", "GHN1\GHN1.csproj", "{8D34CE10-1942-4118-9FCE-F60E7893173B}"
EndProject
Global
	GlobalSection(SolutionConfigurationPlatforms) = preSolution
		Debug|Any CPU = Debug|Any CPU
		Release|Any CPU = Release|Any CPU
	EndGlobalSection
	GlobalSection(ProjectConfigurationPlatforms) = postSolution
		{8D34CE10-1942-4118-9FCE-F60E7893173B}.Debug|Any CPU.ActiveCfg = Debug|Any CPU
		{8D34CE10-1942-4118-9FCE-F60E7893173B}.Debug|Any CPU.Build.0 = Debug|Any CPU
		{8D34CE10-1942-4118-9FCE-F60E7893173B}.Release|Any CPU.ActiveCfg = Release|Any CPU
		{8D34CE10-1942-4118-9FCE-F60E7893173B}.Release|Any CPU.Build.0 = Release|Any CPU
	EndGlobalSection
	GlobalSection(SolutionProperties) = preSolution
		HideSolutionNode = FALSE
	EndGlobalSection
	GlobalSection(ExtensibilityGlobals) = postSolution
		SolutionGuid = {5C710ED5-7319-462D-A0D1-F020234384EE}
	EndGlobalSection
EndGlobal
